
Microsoft Visual Studio Solution File, Format Version 12.00
# Visual Studio 2013
VisualStudioVersion = 12.0.40629.0
MinimumVisualStudioVersion = 10.0.40219.1
Project("{FAE04EC0-301F-11D3-BF4B-00C04F79EFBC}") = "SportsStore.Domain", "SportsStore.Domain\SportsStore.Domain.csproj", "{ADB57E4A-A695-40E0-8281-AB33ACAC7A27}"
EndProject
Project("{FAE04EC0-301F-11D3-BF4B-00C04F79EFBC}") = "SportsStore.WebUI", "SportsStore.WebUI\SportsStore.WebUI.csproj", "{E55CEE2F-6CB6-47DE-86D1-AB16BFB99609}"
EndProject
Project("{FAE04EC0-301F-11D3-BF4B-00C04F79EFBC}") = "SportsStore.UnitTests", "SportsStore.UnitTests\SportsStore.UnitTests.csproj", "{C8E51930-BD37-422D-9028-7FA78723B689}"
EndProject
Global
	GlobalSection(SolutionConfigurationPlatforms) = preSolution
		Debug|Any CPU = Debug|Any CPU
		Release|Any CPU = Release|Any CPU
	EndGlobalSection
	GlobalSection(ProjectConfigurationPlatforms) = postSolution
		{ADB57E4A-A695-40E0-8281-AB33ACAC7A27}.Debug|Any CPU.ActiveCfg = Debug|Any CPU
		{ADB57E4A-A695-40E0-8281-AB33ACAC7A27}.Debug|Any CPU.Build.0 = Debug|Any CPU
		{ADB57E4A-A695-40E0-8281-AB33ACAC7A27}.Release|Any CPU.ActiveCfg = Release|Any CPU
		{ADB57E4A-A695-40E0-8281-AB33ACAC7A27}.Release|Any CPU.Build.0 = Release|Any CPU
		{E55CEE2F-6CB6-47DE-86D1-AB16BFB99609}.Debug|Any CPU.ActiveCfg = Debug|Any CPU
		{E55CEE2F-6CB6-47DE-86D1-AB16BFB99609}.Debug|Any CPU.Build.0 = Debug|Any CPU
		{E55CEE2F-6CB6-47DE-86D1-AB16BFB99609}.Release|Any CPU.ActiveCfg = Release|Any CPU
		{E55CEE2F-6CB6-47DE-86D1-AB16BFB99609}.Release|Any CPU.Build.0 = Release|Any CPU
		{C8E51930-BD37-422D-9028-7FA78723B689}.Debug|Any CPU.ActiveCfg = Debug|Any CPU
		{C8E51930-BD37-422D-9028-7FA78723B689}.Debug|Any CPU.Build.0 = Debug|Any CPU
		{C8E51930-BD37-422D-9028-7FA78723B689}.Release|Any CPU.ActiveCfg = Release|Any CPU
		{C8E51930-BD37-422D-9028-7FA78723B689}.Release|Any CPU.Build.0 = Release|Any CPU
	EndGlobalSection
	GlobalSection(SolutionProperties) = preSolution
		HideSolutionNode = FALSE
	EndGlobalSection
EndGlobal
